
Microsoft Visual Studio Solution File, Format Version 12.00
# Visual Studio 15
VisualStudioVersion = 15.0.28010.2036
MinimumVisualStudioVersion = 10.0.40219.1
Project("{2150E333-8FDC-42A3-9474-1A3956D46DE8}") = "library", "library", "{30307182-57B4-4A68-939C-9A3500329E21}"
EndProject
Project("{8BC9CEB8-8B4A-11D0-8D11-00A0C91BC942}") = "KernelCheatAssistant", "KernelCheatAssistant\KernelCheatAssistant.vcxproj", "{A85F4BA1-EF46-44F5-AB9C-303D98F03A7E}"
EndProject
Project("{2150E333-8FDC-42A3-9474-1A3956D46DE8}") = "common", "common", "{7861CBF7-EE6C-4C48-89CE-92BE94B755B4}"
	ProjectSection(SolutionItems) = preProject
		consts.h = consts.h
		VMProtectSDK.h = VMProtectSDK.h
	EndProjectSection
EndProject
Project("{2150E333-8FDC-42A3-9474-1A3956D46DE8}") = "dll", "dll", "{9B50C8A6-C747-4383-8DFF-FCDDD1030567}"
EndProject
Project("{8BC9CEB8-8B4A-11D0-8D11-00A0C91BC942}") = "CheatAssistant", "CheatAssistant\CheatAssistant.vcxproj", "{D2226B03-A455-48BF-BE51-9B2772BE8206}"
	ProjectSection(ProjectDependencies) = postProject
		{1EA46907-94CE-4BD8-A884-F915ED0C7637} = {1EA46907-94CE-4BD8-A884-F915ED0C7637}
		{B6CD3340-EB51-4C33-862F-0054EFC21ACA} = {B6CD3340-EB51-4C33-862F-0054EFC21ACA}
		{2CC2B990-0F24-4E21-A51A-D0ACE6BF7382} = {2CC2B990-0F24-4E21-A51A-D0ACE6BF7382}
		{7C6983B4-8E16-4A3A-9494-E4155180EB63} = {7C6983B4-8E16-4A3A-9494-E4155180EB63}
		{4309D3BF-96CE-4554-A4D4-53035758D09E} = {4309D3BF-96CE-4554-A4D4-53035758D09E}
	EndProjectSection
EndProject
Project("{8BC9CEB8-8B4A-11D0-8D11-00A0C91BC942}") = "Loader", "Loader\Loader.vcxproj", "{D8E2AF5D-481D-4594-9583-579DCF8BC0FC}"
EndProject
Project("{2150E333-8FDC-42A3-9474-1A3956D46DE8}") = "other", "other", "{CD6063B9-184C-480F-9F28-92BB5DE9C912}"
EndProject
Project("{8BC9CEB8-8B4A-11D0-8D11-00A0C91BC942}") = "CheatAssistantDll", "CheatAssistantDll\CheatAssistantDll.vcxproj", "{17504BEA-A25B-4B7F-8819-35426625430D}"
EndProject
Project("{8BC9CEB8-8B4A-11D0-8D11-00A0C91BC942}") = "Kca", "Kca\Kca.vcxproj", "{4309D3BF-96CE-4554-A4D4-53035758D09E}"
	ProjectSection(ProjectDependencies) = postProject
		{1EA46907-94CE-4BD8-A884-F915ED0C7637} = {1EA46907-94CE-4BD8-A884-F915ED0C7637}
	EndProjectSection
EndProject
Project("{8BC9CEB8-8B4A-11D0-8D11-00A0C91BC942}") = "CAM", "CAM\CAM.vcxproj", "{02445B7B-2CAE-4577-925E-634F4DD6FCF7}"
EndProject
Project("{8BC9CEB8-8B4A-11D0-8D11-00A0C91BC942}") = "utils", "utils\utils.vcxproj", "{2CC2B990-0F24-4E21-A51A-D0ACE6BF7382}"
EndProject
Project("{8BC9CEB8-8B4A-11D0-8D11-00A0C91BC942}") = "memory_loader", "memory_loader\memory_loader.vcxproj", "{B6CD3340-EB51-4C33-862F-0054EFC21ACA}"
EndProject
Project("{8BC9CEB8-8B4A-11D0-8D11-00A0C91BC942}") = "msdk", "msdk\msdk.vcxproj", "{7C6983B4-8E16-4A3A-9494-E4155180EB63}"
EndProject
Project("{8BC9CEB8-8B4A-11D0-8D11-00A0C91BC942}") = "driver_control", "driver_control\driver_control.vcxproj", "{1EA46907-94CE-4BD8-A884-F915ED0C7637}"
EndProject
Project("{8BC9CEB8-8B4A-11D0-8D11-00A0C91BC942}") = "lua", "lua\lua.vcxproj", "{0574C465-6DFA-4740-869A-193F2B7A3637}"
EndProject
Global
	GlobalSection(SolutionConfigurationPlatforms) = preSolution
		Debug|ARM = Debug|ARM
		Debug|ARM64 = Debug|ARM64
		Debug|x64 = Debug|x64
		Debug|x86 = Debug|x86
		Release|ARM = Release|ARM
		Release|ARM64 = Release|ARM64
		Release|x64 = Release|x64
		Release|x86 = Release|x86
	EndGlobalSection
	GlobalSection(ProjectConfigurationPlatforms) = postSolution
		{A85F4BA1-EF46-44F5-AB9C-303D98F03A7E}.Debug|ARM.ActiveCfg = Debug|ARM
		{A85F4BA1-EF46-44F5-AB9C-303D98F03A7E}.Debug|ARM.Build.0 = Debug|ARM
		{A85F4BA1-EF46-44F5-AB9C-303D98F03A7E}.Debug|ARM.Deploy.0 = Debug|ARM
		{A85F4BA1-EF46-44F5-AB9C-303D98F03A7E}.Debug|ARM64.ActiveCfg = Debug|ARM64
		{A85F4BA1-EF46-44F5-AB9C-303D98F03A7E}.Debug|ARM64.Build.0 = Debug|ARM64
		{A85F4BA1-EF46-44F5-AB9C-303D98F03A7E}.Debug|ARM64.Deploy.0 = Debug|ARM64
		{A85F4BA1-EF46-44F5-AB9C-303D98F03A7E}.Debug|x64.ActiveCfg = Debug|x64
		{A85F4BA1-EF46-44F5-AB9C-303D98F03A7E}.Debug|x64.Build.0 = Debug|x64
		{A85F4BA1-EF46-44F5-AB9C-303D98F03A7E}.Debug|x64.Deploy.0 = Debug|x64
		{A85F4BA1-EF46-44F5-AB9C-303D98F03A7E}.Debug|x86.ActiveCfg = Debug|Win32
		{A85F4BA1-EF46-44F5-AB9C-303D98F03A7E}.Debug|x86.Build.0 = Debug|Win32
		{A85F4BA1-EF46-44F5-AB9C-303D98F03A7E}.Debug|x86.Deploy.0 = Debug|Win32
		{A85F4BA1-EF46-44F5-AB9C-303D98F03A7E}.Release|ARM.ActiveCfg = Release|ARM
		{A85F4BA1-EF46-44F5-AB9C-303D98F03A7E}.Release|ARM.Build.0 = Release|ARM
		{A85F4BA1-EF46-44F5-AB9C-303D98F03A7E}.Release|ARM.Deploy.0 = Release|ARM
		{A85F4BA1-EF46-44F5-AB9C-303D98F03A7E}.Release|ARM64.ActiveCfg = Release|ARM64
		{A85F4BA1-EF46-44F5-AB9C-303D98F03A7E}.Release|ARM64.Build.0 = Release|ARM64
		{A85F4BA1-EF46-44F5-AB9C-303D98F03A7E}.Release|ARM64.Deploy.0 = Release|ARM64
		{A85F4BA1-EF46-44F5-AB9C-303D98F03A7E}.Release|x64.ActiveCfg = Release|x64
		{A85F4BA1-EF46-44F5-AB9C-303D98F03A7E}.Release|x64.Build.0 = Release|x64
		{A85F4BA1-EF46-44F5-AB9C-303D98F03A7E}.Release|x64.Deploy.0 = Release|x64
		{A85F4BA1-EF46-44F5-AB9C-303D98F03A7E}.Release|x86.ActiveCfg = Release|Win32
		{A85F4BA1-EF46-44F5-AB9C-303D98F03A7E}.Release|x86.Build.0 = Release|Win32
		{A85F4BA1-EF46-44F5-AB9C-303D98F03A7E}.Release|x86.Deploy.0 = Release|Win32
		{D2226B03-A455-48BF-BE51-9B2772BE8206}.Debug|ARM.ActiveCfg = Debug|Win32
		{D2226B03-A455-48BF-BE51-9B2772BE8206}.Debug|ARM64.ActiveCfg = Debug|Win32
		{D2226B03-A455-48BF-BE51-9B2772BE8206}.Debug|x64.ActiveCfg = Debug|x64
		{D2226B03-A455-48BF-BE51-9B2772BE8206}.Debug|x64.Build.0 = Debug|x64
		{D2226B03-A455-48BF-BE51-9B2772BE8206}.Debug|x86.ActiveCfg = Debug|Win32
		{D2226B03-A455-48BF-BE51-9B2772BE8206}.Debug|x86.Build.0 = Debug|Win32
		{D2226B03-A455-48BF-BE51-9B2772BE8206}.Release|ARM.ActiveCfg = Release|Win32
		{D2226B03-A455-48BF-BE51-9B2772BE8206}.Release|ARM64.ActiveCfg = Release|Win32
		{D2226B03-A455-48BF-BE51-9B2772BE8206}.Release|x64.ActiveCfg = Release|x64
		{D2226B03-A455-48BF-BE51-9B2772BE8206}.Release|x64.Build.0 = Release|x64
		{D2226B03-A455-48BF-BE51-9B2772BE8206}.Release|x86.ActiveCfg = Release|Win32
		{D2226B03-A455-48BF-BE51-9B2772BE8206}.Release|x86.Build.0 = Release|Win32
		{D8E2AF5D-481D-4594-9583-579DCF8BC0FC}.Debug|ARM.ActiveCfg = Debug|Win32
		{D8E2AF5D-481D-4594-9583-579DCF8BC0FC}.Debug|ARM64.ActiveCfg = Debug|Win32
		{D8E2AF5D-481D-4594-9583-579DCF8BC0FC}.Debug|x64.ActiveCfg = Debug|x64
		{D8E2AF5D-481D-4594-9583-579DCF8BC0FC}.Debug|x64.Build.0 = Debug|x64
		{D8E2AF5D-481D-4594-9583-579DCF8BC0FC}.Debug|x86.ActiveCfg = Debug|Win32
		{D8E2AF5D-481D-4594-9583-579DCF8BC0FC}.Debug|x86.Build.0 = Debug|Win32
		{D8E2AF5D-481D-4594-9583-579DCF8BC0FC}.Release|ARM.ActiveCfg = Release|Win32
		{D8E2AF5D-481D-4594-9583-579DCF8BC0FC}.Release|ARM64.ActiveCfg = Release|Win32
		{D8E2AF5D-481D-4594-9583-579DCF8BC0FC}.Release|x64.ActiveCfg = Release|x64
		{D8E2AF5D-481D-4594-9583-579DCF8BC0FC}.Release|x64.Build.0 = Release|x64
		{D8E2AF5D-481D-4594-9583-579DCF8BC0FC}.Release|x86.ActiveCfg = Release|Win32
		{D8E2AF5D-481D-4594-9583-579DCF8BC0FC}.Release|x86.Build.0 = Release|Win32
		{17504BEA-A25B-4B7F-8819-35426625430D}.Debug|ARM.ActiveCfg = Debug|Win32
		{17504BEA-A25B-4B7F-8819-35426625430D}.Debug|ARM64.ActiveCfg = Debug|Win32
		{17504BEA-A25B-4B7F-8819-35426625430D}.Debug|x64.ActiveCfg = Debug|x64
		{17504BEA-A25B-4B7F-8819-35426625430D}.Debug|x64.Build.0 = Debug|x64
		{17504BEA-A25B-4B7F-8819-35426625430D}.Debug|x86.ActiveCfg = Debug|Win32
		{17504BEA-A25B-4B7F-8819-35426625430D}.Debug|x86.Build.0 = Debug|Win32
		{17504BEA-A25B-4B7F-8819-35426625430D}.Release|ARM.ActiveCfg = Release|Win32
		{17504BEA-A25B-4B7F-8819-35426625430D}.Release|ARM64.ActiveCfg = Release|Win32
		{17504BEA-A25B-4B7F-8819-35426625430D}.Release|x64.ActiveCfg = Release|x64
		{17504BEA-A25B-4B7F-8819-35426625430D}.Release|x64.Build.0 = Release|x64
		{17504BEA-A25B-4B7F-8819-35426625430D}.Release|x86.ActiveCfg = Release|Win32
		{17504BEA-A25B-4B7F-8819-35426625430D}.Release|x86.Build.0 = Release|Win32
		{4309D3BF-96CE-4554-A4D4-53035758D09E}.Debug|ARM.ActiveCfg = Debug|Win32
		{4309D3BF-96CE-4554-A4D4-53035758D09E}.Debug|ARM64.ActiveCfg = Debug|Win32
		{4309D3BF-96CE-4554-A4D4-53035758D09E}.Debug|x64.ActiveCfg = Debug|x64
		{4309D3BF-96CE-4554-A4D4-53035758D09E}.Debug|x64.Build.0 = Debug|x64
		{4309D3BF-96CE-4554-A4D4-53035758D09E}.Debug|x86.ActiveCfg = Debug|Win32
		{4309D3BF-96CE-4554-A4D4-53035758D09E}.Debug|x86.Build.0 = Debug|Win32
		{4309D3BF-96CE-4554-A4D4-53035758D09E}.Release|ARM.ActiveCfg = Release|Win32
		{4309D3BF-96CE-4554-A4D4-53035758D09E}.Release|ARM64.ActiveCfg = Release|Win32
		{4309D3BF-96CE-4554-A4D4-53035758D09E}.Release|x64.ActiveCfg = Release|x64
		{4309D3BF-96CE-4554-A4D4-53035758D09E}.Release|x64.Build.0 = Release|x64
		{4309D3BF-96CE-4554-A4D4-53035758D09E}.Release|x86.ActiveCfg = Release|Win32
		{4309D3BF-96CE-4554-A4D4-53035758D09E}.Release|x86.Build.0 = Release|Win32
		{02445B7B-2CAE-4577-925E-634F4DD6FCF7}.Debug|ARM.ActiveCfg = Debug|Win32
		{02445B7B-2CAE-4577-925E-634F4DD6FCF7}.Debug|ARM64.ActiveCfg = Debug|Win32
		{02445B7B-2CAE-4577-925E-634F4DD6FCF7}.Debug|x64.ActiveCfg = Debug|x64
		{02445B7B-2CAE-4577-925E-634F4DD6FCF7}.Debug|x64.Build.0 = Debug|x64
		{02445B7B-2CAE-4577-925E-634F4DD6FCF7}.Debug|x86.ActiveCfg = Debug|Win32
		{02445B7B-2CAE-4577-925E-634F4DD6FCF7}.Debug|x86.Build.0 = Debug|Win32
		{02445B7B-2CAE-4577-925E-634F4DD6FCF7}.Release|ARM.ActiveCfg = Release|Win32
		{02445B7B-2CAE-4577-925E-634F4DD6FCF7}.Release|ARM64.ActiveCfg = Release|Win32
		{02445B7B-2CAE-4577-925E-634F4DD6FCF7}.Release|x64.ActiveCfg = Release|x64
		{02445B7B-2CAE-4577-925E-634F4DD6FCF7}.Release|x64.Build.0 = Release|x64
		{02445B7B-2CAE-4577-925E-634F4DD6FCF7}.Release|x86.ActiveCfg = Release|Win32
		{02445B7B-2CAE-4577-925E-634F4DD6FCF7}.Release|x86.Build.0 = Release|Win32
		{2CC2B990-0F24-4E21-A51A-D0ACE6BF7382}.Debug|ARM.ActiveCfg = Debug|Win32
		{2CC2B990-0F24-4E21-A51A-D0ACE6BF7382}.Debug|ARM64.ActiveCfg = Debug|Win32
		{2CC2B990-0F24-4E21-A51A-D0ACE6BF7382}.Debug|x64.ActiveCfg = Debug|x64
		{2CC2B990-0F24-4E21-A51A-D0ACE6BF7382}.Debug|x64.Build.0 = Debug|x64
		{2CC2B990-0F24-4E21-A51A-D0ACE6BF7382}.Debug|x86.ActiveCfg = Debug|Win32
		{2CC2B990-0F24-4E21-A51A-D0ACE6BF7382}.Debug|x86.Build.0 = Debug|Win32
		{2CC2B990-0F24-4E21-A51A-D0ACE6BF7382}.Release|ARM.ActiveCfg = Release|Win32
		{2CC2B990-0F24-4E21-A51A-D0ACE6BF7382}.Release|ARM64.ActiveCfg = Release|Win32
		{2CC2B990-0F24-4E21-A51A-D0ACE6BF7382}.Release|x64.ActiveCfg = Release|x64
		{2CC2B990-0F24-4E21-A51A-D0ACE6BF7382}.Release|x64.Build.0 = Release|x64
		{2CC2B990-0F24-4E21-A51A-D0ACE6BF7382}.Release|x86.ActiveCfg = Release|Win32
		{2CC2B990-0F24-4E21-A51A-D0ACE6BF7382}.Release|x86.Build.0 = Release|Win32
		{B6CD3340-EB51-4C33-862F-0054EFC21ACA}.Debug|ARM.ActiveCfg = Debug|Win32
		{B6CD3340-EB51-4C33-862F-0054EFC21ACA}.Debug|ARM64.ActiveCfg = Debug|Win32
		{B6CD3340-EB51-4C33-862F-0054EFC21ACA}.Debug|x64.ActiveCfg = Debug|x64
		{B6CD3340-EB51-4C33-862F-0054EFC21ACA}.Debug|x64.Build.0 = Debug|x64
		{B6CD3340-EB51-4C33-862F-0054EFC21ACA}.Debug|x86.ActiveCfg = Debug|Win32
		{B6CD3340-EB51-4C33-862F-0054EFC21ACA}.Debug|x86.Build.0 = Debug|Win32
		{B6CD3340-EB51-4C33-862F-0054EFC21ACA}.Release|ARM.ActiveCfg = Release|Win32
		{B6CD3340-EB51-4C33-862F-0054EFC21ACA}.Release|ARM64.ActiveCfg = Release|Win32
		{B6CD3340-EB51-4C33-862F-0054EFC21ACA}.Release|x64.ActiveCfg = Release|x64
		{B6CD3340-EB51-4C33-862F-0054EFC21ACA}.Release|x64.Build.0 = Release|x64
		{B6CD3340-EB51-4C33-862F-0054EFC21ACA}.Release|x86.ActiveCfg = Release|Win32
		{B6CD3340-EB51-4C33-862F-0054EFC21ACA}.Release|x86.Build.0 = Release|Win32
		{7C6983B4-8E16-4A3A-9494-E4155180EB63}.Debug|ARM.ActiveCfg = Debug|Win32
		{7C6983B4-8E16-4A3A-9494-E4155180EB63}.Debug|ARM64.ActiveCfg = Debug|Win32
		{7C6983B4-8E16-4A3A-9494-E4155180EB63}.Debug|x64.ActiveCfg = Debug|x64
		{7C6983B4-8E16-4A3A-9494-E4155180EB63}.Debug|x64.Build.0 = Debug|x64
		{7C6983B4-8E16-4A3A-9494-E4155180EB63}.Debug|x86.ActiveCfg = Debug|Win32
		{7C6983B4-8E16-4A3A-9494-E4155180EB63}.Debug|x86.Build.0 = Debug|Win32
		{7C6983B4-8E16-4A3A-9494-E4155180EB63}.Release|ARM.ActiveCfg = Release|Win32
		{7C6983B4-8E16-4A3A-9494-E4155180EB63}.Release|ARM64.ActiveCfg = Release|Win32
		{7C6983B4-8E16-4A3A-9494-E4155180EB63}.Release|x64.ActiveCfg = Release|x64
		{7C6983B4-8E16-4A3A-9494-E4155180EB63}.Release|x64.Build.0 = Release|x64
		{7C6983B4-8E16-4A3A-9494-E4155180EB63}.Release|x86.ActiveCfg = Release|Win32
		{7C6983B4-8E16-4A3A-9494-E4155180EB63}.Release|x86.Build.0 = Release|Win32
		{1EA46907-94CE-4BD8-A884-F915ED0C7637}.Debug|ARM.ActiveCfg = Debug|Win32
		{1EA46907-94CE-4BD8-A884-F915ED0C7637}.Debug|ARM64.ActiveCfg = Debug|Win32
		{1EA46907-94CE-4BD8-A884-F915ED0C7637}.Debug|x64.ActiveCfg = Debug|x64
		{1EA46907-94CE-4BD8-A884-F915ED0C7637}.Debug|x64.Build.0 = Debug|x64
		{1EA46907-94CE-4BD8-A884-F915ED0C7637}.Debug|x86.ActiveCfg = Debug|Win32
		{1EA46907-94CE-4BD8-A884-F915ED0C7637}.Debug|x86.Build.0 = Debug|Win32
		{1EA46907-94CE-4BD8-A884-F915ED0C7637}.Release|ARM.ActiveCfg = Release|Win32
		{1EA46907-94CE-4BD8-A884-F915ED0C7637}.Release|ARM64.ActiveCfg = Release|Win32
		{1EA46907-94CE-4BD8-A884-F915ED0C7637}.Release|x64.ActiveCfg = Release|x64
		{1EA46907-94CE-4BD8-A884-F915ED0C7637}.Release|x64.Build.0 = Release|x64
		{1EA46907-94CE-4BD8-A884-F915ED0C7637}.Release|x86.ActiveCfg = Release|Win32
		{1EA46907-94CE-4BD8-A884-F915ED0C7637}.Release|x86.Build.0 = Release|Win32
		{0574C465-6DFA-4740-869A-193F2B7A3637}.Debug|ARM.ActiveCfg = Debug|Win32
		{0574C465-6DFA-4740-869A-193F2B7A3637}.Debug|ARM64.ActiveCfg = Debug|Win32
		{0574C465-6DFA-4740-869A-193F2B7A3637}.Debug|x64.ActiveCfg = Debug|x64
		{0574C465-6DFA-4740-869A-193F2B7A3637}.Debug|x64.Build.0 = Debug|x64
		{0574C465-6DFA-4740-869A-193F2B7A3637}.Debug|x86.ActiveCfg = Debug|Win32
		{0574C465-6DFA-4740-869A-193F2B7A3637}.Debug|x86.Build.0 = Debug|Win32
		{0574C465-6DFA-4740-869A-193F2B7A3637}.Release|ARM.ActiveCfg = Release|Win32
		{0574C465-6DFA-4740-869A-193F2B7A3637}.Release|ARM64.ActiveCfg = Release|Win32
		{0574C465-6DFA-4740-869A-193F2B7A3637}.Release|x64.ActiveCfg = Release|x64
		{0574C465-6DFA-4740-869A-193F2B7A3637}.Release|x64.Build.0 = Release|x64
		{0574C465-6DFA-4740-869A-193F2B7A3637}.Release|x86.ActiveCfg = Release|Win32
		{0574C465-6DFA-4740-869A-193F2B7A3637}.Release|x86.Build.0 = Release|Win32
	EndGlobalSection
	GlobalSection(SolutionProperties) = preSolution
		HideSolutionNode = FALSE
	EndGlobalSection
	GlobalSection(NestedProjects) = preSolution
		{D8E2AF5D-481D-4594-9583-579DCF8BC0FC} = {9B50C8A6-C747-4383-8DFF-FCDDD1030567}
		{17504BEA-A25B-4B7F-8819-35426625430D} = {9B50C8A6-C747-4383-8DFF-FCDDD1030567}
		{4309D3BF-96CE-4554-A4D4-53035758D09E} = {30307182-57B4-4A68-939C-9A3500329E21}
		{2CC2B990-0F24-4E21-A51A-D0ACE6BF7382} = {30307182-57B4-4A68-939C-9A3500329E21}
		{B6CD3340-EB51-4C33-862F-0054EFC21ACA} = {30307182-57B4-4A68-939C-9A3500329E21}
		{7C6983B4-8E16-4A3A-9494-E4155180EB63} = {30307182-57B4-4A68-939C-9A3500329E21}
		{1EA46907-94CE-4BD8-A884-F915ED0C7637} = {30307182-57B4-4A68-939C-9A3500329E21}
		{0574C465-6DFA-4740-869A-193F2B7A3637} = {30307182-57B4-4A68-939C-9A3500329E21}
	EndGlobalSection
	GlobalSection(ExtensibilityGlobals) = postSolution
		SolutionGuid = {468E8D2E-5C59-4484-BBB8-827BE4877112}
	EndGlobalSection
EndGlobal
